
Microsoft Visual Studio Solution File, Format Version 12.00
# Visual Studio Version 17
VisualStudioVersion = 17.9.34714.143
MinimumVisualStudioVersion = 10.0.40219.1
Project("{FAE04EC0-301F-11D3-BF4B-00C04F79EFBC}") = "Flowchart-Switch-case-While-Do-While", "Flowchart-Switch-case-While-Do-While\Flowchart-Switch-case-While-Do-While.csproj", "{CEA0AF69-9FA6-4CAF-95E5-99D182F236B5}"
EndProject
Global
	GlobalSection(SolutionConfigurationPlatforms) = preSolution
		Debug|Any CPU = Debug|Any CPU
		Release|Any CPU = Release|Any CPU
	EndGlobalSection
	GlobalSection(ProjectConfigurationPlatforms) = postSolution
		{CEA0AF69-9FA6-4CAF-95E5-99D182F236B5}.Debug|Any CPU.ActiveCfg = Debug|Any CPU
		{CEA0AF69-9FA6-4CAF-95E5-99D182F236B5}.Debug|Any CPU.Build.0 = Debug|Any CPU
		{CEA0AF69-9FA6-4CAF-95E5-99D182F236B5}.Release|Any CPU.ActiveCfg = Release|Any CPU
		{CEA0AF69-9FA6-4CAF-95E5-99D182F236B5}.Release|Any CPU.Build.0 = Release|Any CPU
	EndGlobalSection
	GlobalSection(SolutionProperties) = preSolution
		HideSolutionNode = FALSE
	EndGlobalSection
	GlobalSection(ExtensibilityGlobals) = postSolution
		SolutionGuid = {D2788FE0-BD32-4D07-A6DD-9967C3591D96}
	EndGlobalSection
EndGlobal
